
Microsoft Visual Studio Solution File, Format Version 12.00
# Visual Studio Version 17
VisualStudioVersion = 17.13.35806.99 d17.13
MinimumVisualStudioVersion = 10.0.40219.1
Project("{54A90642-561A-4BB1-A94E-469ADEE60C69}") = "nativenature.client", "nativenature.client\nativenature.client.esproj", "{2CC4D0DB-3F67-A711-B3F5-946F637E04D3}"
EndProject
Project("{FAE04EC0-301F-11D3-BF4B-00C04F79EFBC}") = "NativeNature.Server", "NativeNature.Server\NativeNature.Server.csproj", "{0A38B484-901E-4B81-A181-FFE4BE0EB461}"
EndProject
Global
	GlobalSection(SolutionConfigurationPlatforms) = preSolution
		Debug|Any CPU = Debug|Any CPU
		Release|Any CPU = Release|Any CPU
	EndGlobalSection
	GlobalSection(ProjectConfigurationPlatforms) = postSolution
		{2CC4D0DB-3F67-A711-B3F5-946F637E04D3}.Debug|Any CPU.ActiveCfg = Debug|Any CPU
		{2CC4D0DB-3F67-A711-B3F5-946F637E04D3}.Debug|Any CPU.Build.0 = Debug|Any CPU
		{2CC4D0DB-3F67-A711-B3F5-946F637E04D3}.Debug|Any CPU.Deploy.0 = Debug|Any CPU
		{2CC4D0DB-3F67-A711-B3F5-946F637E04D3}.Release|Any CPU.ActiveCfg = Release|Any CPU
		{2CC4D0DB-3F67-A711-B3F5-946F637E04D3}.Release|Any CPU.Build.0 = Release|Any CPU
		{2CC4D0DB-3F67-A711-B3F5-946F637E04D3}.Release|Any CPU.Deploy.0 = Release|Any CPU
		{0A38B484-901E-4B81-A181-FFE4BE0EB461}.Debug|Any CPU.ActiveCfg = Debug|Any CPU
		{0A38B484-901E-4B81-A181-FFE4BE0EB461}.Debug|Any CPU.Build.0 = Debug|Any CPU
		{0A38B484-901E-4B81-A181-FFE4BE0EB461}.Release|Any CPU.ActiveCfg = Release|Any CPU
		{0A38B484-901E-4B81-A181-FFE4BE0EB461}.Release|Any CPU.Build.0 = Release|Any CPU
	EndGlobalSection
	GlobalSection(SolutionProperties) = preSolution
		HideSolutionNode = FALSE
	EndGlobalSection
	GlobalSection(ExtensibilityGlobals) = postSolution
		SolutionGuid = {C6375BB9-C5AC-4D6A-B180-134616002EB7}
	EndGlobalSection
EndGlobal
